
Microsoft Visual Studio Solution File, Format Version 12.00
# Visual Studio Version 16
VisualStudioVersion = 16.0.28803.352
MinimumVisualStudioVersion = 10.0.40219.1
Project("{FAE04EC0-301F-11D3-BF4B-00C04F79EFBC}") = "RapidAppDev", "RapidAppDev\RapidAppDev.csproj", "{B2CE2E7E-7CAB-43DF-A91F-E3669AB236E6}"
EndProject
Global
	GlobalSection(SolutionConfigurationPlatforms) = preSolution
		Debug|Any CPU = Debug|Any CPU
		Release|Any CPU = Release|Any CPU
	EndGlobalSection
	GlobalSection(ProjectConfigurationPlatforms) = postSolution
		{B2CE2E7E-7CAB-43DF-A91F-E3669AB236E6}.Debug|Any CPU.ActiveCfg = Debug|Any CPU
		{B2CE2E7E-7CAB-43DF-A91F-E3669AB236E6}.Debug|Any CPU.Build.0 = Debug|Any CPU
		{B2CE2E7E-7CAB-43DF-A91F-E3669AB236E6}.Release|Any CPU.ActiveCfg = Release|Any CPU
		{B2CE2E7E-7CAB-43DF-A91F-E3669AB236E6}.Release|Any CPU.Build.0 = Release|Any CPU
	EndGlobalSection
	GlobalSection(SolutionProperties) = preSolution
		HideSolutionNode = FALSE
	EndGlobalSection
	GlobalSection(ExtensibilityGlobals) = postSolution
		SolutionGuid = {DA902762-D294-498D-8BFB-25D42D33FCD9}
	EndGlobalSection
EndGlobal
